
Microsoft Visual Studio Solution File, Format Version 12.00
# Visual Studio Version 16
VisualStudioVersion = 16.0.30503.244
MinimumVisualStudioVersion = 10.0.40219.1
Project("{FAE04EC0-301F-11D3-BF4B-00C04F79EFBC}") = "Tom and Jerry", "Tom and Jerry.csproj", "{7749366C-0444-4227-89E1-50744B56AB8E}"
EndProject
Global
	GlobalSection(SolutionConfigurationPlatforms) = preSolution
		Debug|Any CPU = Debug|Any CPU
		Release|Any CPU = Release|Any CPU
	EndGlobalSection
	GlobalSection(ProjectConfigurationPlatforms) = postSolution
		{7749366C-0444-4227-89E1-50744B56AB8E}.Debug|Any CPU.ActiveCfg = Debug|Any CPU
		{7749366C-0444-4227-89E1-50744B56AB8E}.Debug|Any CPU.Build.0 = Debug|Any CPU
		{7749366C-0444-4227-89E1-50744B56AB8E}.Release|Any CPU.ActiveCfg = Release|Any CPU
		{7749366C-0444-4227-89E1-50744B56AB8E}.Release|Any CPU.Build.0 = Release|Any CPU
	EndGlobalSection
	GlobalSection(SolutionProperties) = preSolution
		HideSolutionNode = FALSE
	EndGlobalSection
	GlobalSection(ExtensibilityGlobals) = postSolution
		SolutionGuid = {B3167BF1-986D-4F9B-B839-19F121AE1FC6}
	EndGlobalSection
EndGlobal
